
Microsoft Visual Studio Solution File, Format Version 12.00
# Visual Studio 15
VisualStudioVersion = 15.0.28010.2026
MinimumVisualStudioVersion = 10.0.40219.1
Project("{FAE04EC0-301F-11D3-BF4B-00C04F79EFBC}") = "Calculator", "Calculator\Calculator.csproj", "{1916E674-BF22-471E-9EB8-33A139C9AEDA}"
EndProject
Global
	GlobalSection(SolutionConfigurationPlatforms) = preSolution
		Debug|Any CPU = Debug|Any CPU
		Release|Any CPU = Release|Any CPU
	EndGlobalSection
	GlobalSection(ProjectConfigurationPlatforms) = postSolution
		{1916E674-BF22-471E-9EB8-33A139C9AEDA}.Debug|Any CPU.ActiveCfg = Debug|Any CPU
		{1916E674-BF22-471E-9EB8-33A139C9AEDA}.Debug|Any CPU.Build.0 = Debug|Any CPU
		{1916E674-BF22-471E-9EB8-33A139C9AEDA}.Release|Any CPU.ActiveCfg = Release|Any CPU
		{1916E674-BF22-471E-9EB8-33A139C9AEDA}.Release|Any CPU.Build.0 = Release|Any CPU
	EndGlobalSection
	GlobalSection(SolutionProperties) = preSolution
		HideSolutionNode = FALSE
	EndGlobalSection
	GlobalSection(ExtensibilityGlobals) = postSolution
		SolutionGuid = {17650658-321D-4790-88AA-567AF43B8C95}
	EndGlobalSection
EndGlobal
